// !$*UTF8*$!
{
	archiveVersion = 1;
	classes = {
	};
	objectVersion = 50;
	objects = {

/* Begin PBXBuildFile section */
		830E3FB323BB3A5000CCBE30 /* AppDelegate.swift in Sources */ = {isa = PBXBuildFile; fileRef = 830E3FB223BB3A5000CCBE30 /* AppDelegate.swift */; };
		830E3FB523BB3A5000CCBE30 /* ViewController.swift in Sources */ = {isa = PBXBuildFile; fileRef = 830E3FB423BB3A5000CCBE30 /* ViewController.swift */; };
		830E3FB823BB3A5000CCBE30 /* Main.storyboard in Resources */ = {isa = PBXBuildFile; fileRef = 830E3FB623BB3A5000CCBE30 /* Main.storyboard */; };
		830E3FBA23BB3A5100CCBE30 /* Assets.xcassets in Resources */ = {isa = PBXBuildFile; fileRef = 830E3FB923BB3A5100CCBE30 /* Assets.xcassets */; };
		830E3FBD23BB3A5100CCBE30 /* LaunchScreen.storyboard in Resources */ = {isa = PBXBuildFile; fileRef = 830E3FBB23BB3A5100CCBE30 /* LaunchScreen.storyboard */; };
		830E3FC823BB3A5100CCBE30 /* Find_My_AgeTests.swift in Sources */ = {isa = PBXBuildFile; fileRef = 830E3FC723BB3A5100CCBE30 /* Find_My_AgeTests.swift */; };
		830E3FD323BB3A5100CCBE30 /* Find_My_AgeUITests.swift in Sources */ = {isa = PBXBuildFile; fileRef = 830E3FD223BB3A5100CCBE30 /* Find_My_AgeUITests.swift */; };
/* End PBXBuildFile section */

/* Begin PBXContainerItemProxy section */
		830E3FC423BB3A5100CCBE30 /* PBXContainerItemProxy */ = {
			isa = PBXContainerItemProxy;
			containerPortal = 830E3FA723BB3A5000CCBE30 /* Project object */;
			proxyType = 1;
			remoteGlobalIDString = 830E3FAE23BB3A5000CCBE30;
			remoteInfo = "Find My Age";
		};
		830E3FCF23BB3A5100CCBE30 /* PBXContainerItemProxy */ = {
			isa = PBXContainerItemProxy;
			containerPortal = 830E3FA723BB3A5000CCBE30 /* Project object */;
			proxyType = 1;
			remoteGlobalIDString = 830E3FAE23BB3A5000CCBE30;
			remoteInfo = "Find My Age";
		};
/* End PBXContainerItemProxy section */

/* Begin PBXFileReference section */
		830E3FAF23BB3A5000CCBE30 /* Find My Age.app */ = {isa = PBXFileReference; explicitFileType = wrapper.application; includeInIndex = 0; path = "Find My Age.app"; sourceTree = BUILT_PRODUCTS_DIR; };
		830E3FB223BB3A5000CCBE30 /* AppDelegate.swift */ = {isa = PBXFileReference; lastKnownFileType = sourcecode.swift; path = AppDelegate.swift; sourceTree = "<group>"; };
		830E3FB423BB3A5000CCBE30 /* ViewController.swift */ = {isa = PBXFileReference; lastKnownFileType = sourcecode.swift; path = ViewController.swift; sourceTree = "<group>"; };
		830E3FB723BB3A5000CCBE30 /* Base */ = {isa = PBXFileReference; lastKnownFileType = file.storyboard; name = Base; path = Base.lproj/Main.storyboard; sourceTree = "<group>"; };
		830E3FB923BB3A5100CCBE30 /* Assets.xcassets */ = {isa = PBXFileReference; lastKnownFileType = folder.assetcatalog; path = Assets.xcassets; sourceTree = "<group>"; };
		830E3FBC23BB3A5100CCBE30 /* Base */ = {isa = PBXFileReference; lastKnownFileType = file.storyboard; name = Base; path = Base.lproj/LaunchScreen.storyboard; sourceTree = "<group>"; };
		830E3FBE23BB3A5100CCBE30 /* Info.plist */ = {isa = PBXFileReference; lastKnownFileType = text.plist.xml; path = Info.plist; sourceTree = "<group>"; };
		830E3FC323BB3A5100CCBE30 /* Find My AgeTests.xctest */ = {isa = PBXFileReference; explicitFileType = wrapper.cfbundle; includeInIndex = 0; path = "Find My AgeTests.xctest"; sourceTree = BUILT_PRODUCTS_DIR; };
		830E3FC723BB3A5100CCBE30 /* Find_My_AgeTests.swift */ = {isa = PBXFileReference; lastKnownFileType = sourcecode.swift; path = Find_My_AgeTests.swift; sourceTree = "<group>"; };
		830E3FC923BB3A5100CCBE30 /* Info.plist */ = {isa = PBXFileReference; lastKnownFileType = text.plist.xml; path = Info.plist; sourceTree = "<group>"; };
		830E3FCE23BB3A5100CCBE30 /* Find My AgeUITests.xctest */ = {isa = PBXFileReference; explicitFileType = wrapper.cfbundle; includeInIndex = 0; path = "Find My AgeUITests.xctest"; sourceTree = BUILT_PRODUCTS_DIR; };
		830E3FD223BB3A5100CCBE30 /* Find_My_AgeUITests.swift */ = {isa = PBXFileReference; lastKnownFileType = sourcecode.swift; path = Find_My_AgeUITests.swift; sourceTree = "<group>"; };
		830E3FD423BB3A5100CCBE30 /* Info.plist */ = {isa = PBXFileReference; lastKnownFileType = text.plist.xml; path = Info.plist; sourceTree = "<group>"; };
/* End PBXFileReference section */

/* Begin PBXFrameworksBuildPhase section */
		830E3FAC23BB3A5000CCBE30 /* Frameworks */ = {
			isa = PBXFrameworksBuildPhase;
			buildActionMask = 2147483647;
			files = (
			);
			runOnlyForDeploymentPostprocessing = 0;
		};
		830E3FC023BB3A5100CCBE30 /* Frameworks */ = {
			isa = PBXFrameworksBuildPhase;
			buildActionMask = 2147483647;
			files = (
			);
			runOnlyForDeploymentPostprocessing = 0;
		};
		830E3FCB23BB3A5100CCBE30 /* Frameworks */ = {
			isa = PBXFrameworksBuildPhase;
			buildActionMask = 2147483647;
			files = (
			);
			runOnlyForDeploymentPostprocessing = 0;
		};
/* End PBXFrameworksBuildPhase section */

/* Begin PBXGroup section */
		830E3FA623BB3A5000CCBE30 = {
			isa = PBXGroup;
			children = (
				830E3FB123BB3A5000CCBE30 /* Find My Age */,
				830E3FC623BB3A5100CCBE30 /* Find My AgeTests */,
				830E3FD123BB3A5100CCBE30 /* Find My AgeUITests */,
				830E3FB023BB3A5000CCBE30 /* Products */,
			);
			sourceTree = "<group>";
		};
		830E3FB023BB3A5000CCBE30 /* Products */ = {
			isa = PBXGroup;
			children = (
				830E3FAF23BB3A5000CCBE30 /* Find My Age.app */,
				830E3FC323BB3A5100CCBE30 /* Find My AgeTests.xctest */,
				830E3FCE23BB3A5100CCBE30 /* Find My AgeUITests.xctest */,
			);
			name = Products;
			sourceTree = "<group>";
		};
		830E3FB123BB3A5000CCBE30 /* Find My Age */ = {
			isa = PBXGroup;
			children = (
				830E3FB223BB3A5000CCBE30 /* AppDelegate.swift */,
				830E3FB423BB3A5000CCBE30 /* ViewController.swift */,
				830E3FB623BB3A5000CCBE30 /* Main.storyboard */,
				830E3FB923BB3A5100CCBE30 /* Assets.xcassets */,
				830E3FBB23BB3A5100CCBE30 /* LaunchScreen.storyboard */,
				830E3FBE23BB3A5100CCBE30 /* Info.plist */,
			);
			path = "Find My Age";
			sourceTree = "<group>";
		};
		830E3FC623BB3A5100CCBE30 /* Find My AgeTests */ = {
			isa = PBXGroup;
			children = (
				830E3FC723BB3A5100CCBE30 /* Find_My_AgeTests.swift */,
				830E3FC923BB3A5100CCBE30 /* Info.plist */,
			);
			path = "Find My AgeTests";
			sourceTree = "<group>";
		};
		830E3FD123BB3A5100CCBE30 /* Find My AgeUITests */ = {
			isa = PBXGroup;
			children = (
				830E3FD223BB3A5100CCBE30 /* Find_My_AgeUITests.swift */,
				830E3FD423BB3A5100CCBE30 /* Info.plist */,
			);
			path = "Find My AgeUITests";
			sourceTree = "<group>";
		};
/* End PBXGroup section */

/* Begin PBXNativeTarget section */
		830E3FAE23BB3A5000CCBE30 /* Find My Age */ = {
			isa = PBXNativeTarget;
			buildConfigurationList = 830E3FD723BB3A5100CCBE30 /* Build configuration list for PBXNativeTarget "Find My Age" */;
			buildPhases = (
				830E3FAB23BB3A5000CCBE30 /* Sources */,
				830E3FAC23BB3A5000CCBE30 /* Frameworks */,
				830E3FAD23BB3A5000CCBE30 /* Resources */,
			);
			buildRules = (
			);
			dependencies = (
			);
			name = "Find My Age";
			productName = "Find My Age";
			productReference = 830E3FAF23BB3A5000CCBE30 /* Find My Age.app */;
			productType = "com.apple.product-type.application";
		};
		830E3FC223BB3A5100CCBE30 /* Find My AgeTests */ = {
			isa = PBXNativeTarget;
			buildConfigurationList = 830E3FDA23BB3A5100CCBE30 /* Build configuration list for PBXNativeTarget "Find My AgeTests" */;
			buildPhases = (
				830E3FBF23BB3A5100CCBE30 /* Sources */,
				830E3FC023BB3A5100CCBE30 /* Frameworks */,
				830E3FC123BB3A5100CCBE30 /* Resources */,
			);
			buildRules = (
			);
			dependencies = (
				830E3FC523BB3A5100CCBE30 /* PBXTargetDependency */,
			);
			name = "Find My AgeTests";
			productName = "Find My AgeTests";
			productReference = 830E3FC323BB3A5100CCBE30 /* Find My AgeTests.xctest */;
			productType = "com.apple.product-type.bundle.unit-test";
		};
		830E3FCD23BB3A5100CCBE30 /* Find My AgeUITests */ = {
			isa = PBXNativeTarget;
			buildConfigurationList = 830E3FDD23BB3A5100CCBE30 /* Build configuration list for PBXNativeTarget "Find My AgeUITests" */;
			buildPhases = (
				830E3FCA23BB3A5100CCBE30 /* Sources */,
				830E3FCB23BB3A5100CCBE30 /* Frameworks */,
				830E3FCC23BB3A5100CCBE30 /* Resources */,
			);
			buildRules = (
			);
			dependencies = (
				830E3FD023BB3A5100CCBE30 /* PBXTargetDependency */,
			);
			name = "Find My AgeUITests";
			productName = "Find My AgeUITests";
			productReference = 830E3FCE23BB3A5100CCBE30 /* Find My AgeUITests.xctest */;
			productType = "com.apple.product-type.bundle.ui-testing";
		};
/* End PBXNativeTarget section */

/* Begin PBXProject section */
		830E3FA723BB3A5000CCBE30 /* Project object */ = {
			isa = PBXProject;
			attributes = {
				LastSwiftUpdateCheck = 1030;
				LastUpgradeCheck = 1030;
				ORGANIZATIONNAME = "Karya anak Takalar";
				TargetAttributes = {
					830E3FAE23BB3A5000CCBE30 = {
						CreatedOnToolsVersion = 10.3;
					};
					830E3FC223BB3A5100CCBE30 = {
						CreatedOnToolsVersion = 10.3;
						TestTargetID = 830E3FAE23BB3A5000CCBE30;
					};
					830E3FCD23BB3A5100CCBE30 = {
						CreatedOnToolsVersion = 10.3;
						TestTargetID = 830E3FAE23BB3A5000CCBE30;
					};
				};
			};
			buildConfigurationList = 830E3FAA23BB3A5000CCBE30 /* Build configuration list for PBXProject "Find My Age" */;
			compatibilityVersion = "Xcode 9.3";
			developmentRegion = en;
			hasScannedForEncodings = 0;
			knownRegions = (
				en,
				Base,
			);
			mainGroup = 830E3FA623BB3A5000CCBE30;
			productRefGroup = 830E3FB023BB3A5000CCBE30 /* Products */;
			projectDirPath = "";
			projectRoot = "";
			targets = (
				830E3FAE23BB3A5000CCBE30 /* Find My Age */,
				830E3FC223BB3A5100CCBE30 /* Find My AgeTests */,
				830E3FCD23BB3A5100CCBE30 /* Find My AgeUITests */,
			);
		};
/* End PBXProject section */

/* Begin PBXResourcesBuildPhase section */
		830E3FAD23BB3A5000CCBE30 /* Resources */ = {
			isa = PBXResourcesBuildPhase;
			buildActionMask = 2147483647;
			files = (
				830E3FBD23BB3A5100CCBE30 /* LaunchScreen.storyboard in Resources */,
				830E3FBA23BB3A5100CCBE30 /* Assets.xcassets in Resources */,
				830E3FB823BB3A5000CCBE30 /* Main.storyboard in Resources */,
			);
			runOnlyForDeploymentPostprocessing = 0;
		};
		830E3FC123BB3A5100CCBE30 /* Resources */ = {
			isa = PBXResourcesBuildPhase;
			buildActionMask = 2147483647;
			files = (
			);
			runOnlyForDeploymentPostprocessing = 0;
		};
		830E3FCC23BB3A5100CCBE30 /* Resources */ = {
			isa = PBXResourcesBuildPhase;
			buildActionMask = 2147483647;
			files = (
			);
			runOnlyForDeploymentPostprocessing = 0;
		};
/* End PBXResourcesBuildPhase section */

/* Begin PBXSourcesBuildPhase section */
		830E3FAB23BB3A5000CCBE30 /* Sources */ = {
			isa = PBXSourcesBuildPhase;
			buildActionMask = 2147483647;
			files = (
				830E3FB523BB3A5000CCBE30 /* ViewController.swift in Sources */,
				830E3FB323BB3A5000CCBE30 /* AppDelegate.swift in Sources */,
			);
			runOnlyForDeploymentPostprocessing = 0;
		};
		830E3FBF23BB3A5100CCBE30 /* Sources */ = {
			isa = PBXSourcesBuildPhase;
			buildActionMask = 2147483647;
			files = (
				830E3FC823BB3A5100CCBE30 /* Find_My_AgeTests.swift in Sources */,
			);
			runOnlyForDeploymentPostprocessing = 0;
		};
		830E3FCA23BB3A5100CCBE30 /* Sources */ = {
			isa = PBXSourcesBuildPhase;
			buildActionMask = 2147483647;
			files = (
				830E3FD323BB3A5100CCBE30 /* Find_My_AgeUITests.swift in Sources */,
			);
			runOnlyForDeploymentPostprocessing = 0;
		};
/* End PBXSourcesBuildPhase section */

/* Begin PBXTargetDependency section */
		830E3FC523BB3A5100CCBE30 /* PBXTargetDependency */ = {
			isa = PBXTargetDependency;
			target = 830E3FAE23BB3A5000CCBE30 /* Find My Age */;
			targetProxy = 830E3FC423BB3A5100CCBE30 /* PBXContainerItemProxy */;
		};
		830E3FD023BB3A5100CCBE30 /* PBXTargetDependency */ = {
			isa = PBXTargetDependency;
			target = 830E3FAE23BB3A5000CCBE30 /* Find My Age */;
			targetProxy = 830E3FCF23BB3A5100CCBE30 /* PBXContainerItemProxy */;
		};
/* End PBXTargetDependency section */

/* Begin PBXVariantGroup section */
		830E3FB623BB3A5000CCBE30 /* Main.storyboard */ = {
			isa = PBXVariantGroup;
			children = (
				830E3FB723BB3A5000CCBE30 /* Base */,
			);
			name = Main.storyboard;
			sourceTree = "<group>";
		};
		830E3FBB23BB3A5100CCBE30 /* LaunchScreen.storyboard */ = {
			isa = PBXVariantGroup;
			children = (
				830E3FBC23BB3A5100CCBE30 /* Base */,
			);
			name = LaunchScreen.storyboard;
			sourceTree = "<group>";
		};
/* End PBXVariantGroup section */

/* Begin XCBuildConfiguration section */
		830E3FD523BB3A5100CCBE30 /* Debug */ = {
			isa = XCBuildConfiguration;
			buildSettings = {
				ALWAYS_SEARCH_USER_PATHS = NO;
				CLANG_ANALYZER_NONNULL = YES;
				CLANG_ANALYZER_NUMBER_OBJECT_CONVERSION = YES_AGGRESSIVE;
				CLANG_CXX_LANGUAGE_STANDARD = "gnu++14";
				CLANG_CXX_LIBRARY = "libc++";
				CLANG_ENABLE_MODULES = YES;
				CLANG_ENABLE_OBJC_ARC = YES;
				CLANG_ENABLE_OBJC_WEAK = YES;
				CLANG_WARN_BLOCK_CAPTURE_AUTORELEASING = YES;
				CLANG_WARN_BOOL_CONVERSION = YES;
				CLANG_WARN_COMMA = YES;
				CLANG_WARN_CONSTANT_CONVERSION = YES;
				CLANG_WARN_DEPRECATED_OBJC_IMPLEMENTATIONS = YES;
				CLANG_WARN_DIRECT_OBJC_ISA_USAGE = YES_ERROR;
				CLANG_WARN_DOCUMENTATION_COMMENTS = YES;
				CLANG_WARN_EMPTY_BODY = YES;
				CLANG_WARN_ENUM_CONVERSION = YES;
				CLANG_WARN_INFINITE_RECURSION = YES;
				CLANG_WARN_INT_CONVERSION = YES;
				CLANG_WARN_NON_LITERAL_NULL_CONVERSION = YES;
				CLANG_WARN_OBJC_IMPLICIT_RETAIN_SELF = YES;
				CLANG_WARN_OBJC_LITERAL_CONVERSION = YES;
				CLANG_WARN_OBJC_ROOT_CLASS = YES_ERROR;
				CLANG_WARN_RANGE_LOOP_ANALYSIS = YES;
				CLANG_WARN_STRICT_PROTOTYPES = YES;
				CLANG_WARN_SUSPICIOUS_MOVE = YES;
				CLANG_WARN_UNGUARDED_AVAILABILITY = YES_AGGRESSIVE;
				CLANG_WARN_UNREACHABLE_CODE = YES;
				CLANG_WARN__DUPLICATE_METHOD_MATCH = YES;
				CODE_SIGN_IDENTITY = "iPhone Developer";
				COPY_PHASE_STRIP = NO;
				DEBUG_INFORMATION_FORMAT = dwarf;
				ENABLE_STRICT_OBJC_MSGSEND = YES;
				ENABLE_TESTABILITY = YES;
				GCC_C_LANGUAGE_STANDARD = gnu11;
				GCC_DYNAMIC_NO_PIC = NO;
				GCC_NO_COMMON_BLOCKS = YES;
				GCC_OPTIMIZATION_LEVEL = 0;
				GCC_PREPROCESSOR_DEFINITIONS = (
					"DEBUG=1",
					"$(inherited)",
				);
				GCC_WARN_64_TO_32_BIT_CONVERSION = YES;
				GCC_WARN_ABOUT_RETURN_TYPE = YES_ERROR;
				GCC_WARN_UNDECLARED_SELECTOR = YES;
				GCC_WARN_UNINITIALIZED_AUTOS = YES_AGGRESSIVE;
				GCC_WARN_UNUSED_FUNCTION = YES;
				GCC_WARN_UNUSED_VARIABLE = YES;
				IPHONEOS_DEPLOYMENT_TARGET = 12.4;
				MTL_ENABLE_DEBUG_INFO = INCLUDE_SOURCE;
				MTL_FAST_MATH = YES;
				ONLY_ACTIVE_ARCH = YES;
				SDKROOT = iphoneos;
				SWIFT_ACTIVE_COMPILATION_CONDITIONS = DEBUG;
				SWIFT_OPTIMIZATION_LEVEL = "-Onone";
			};
			name = Debug;
		};
		830E3FD623BB3A5100CCBE30 /* Release */ = {
			isa = XCBuildConfiguration;
			buildSettings = {
				ALWAYS_SEARCH_USER_PATHS = NO;
				CLANG_ANALYZER_NONNULL = YES;
				CLANG_ANALYZER_NUMBER_OBJECT_CONVERSION = YES_AGGRESSIVE;
				CLANG_CXX_LANGUAGE_STANDARD = "gnu++14";
				CLANG_CXX_LIBRARY = "libc++";
				CLANG_ENABLE_MODULES = YES;
				CLANG_ENABLE_OBJC_ARC = YES;
				CLANG_ENABLE_OBJC_WEAK = YES;
				CLANG_WARN_BLOCK_CAPTURE_AUTORELEASING = YES;
				CLANG_WARN_BOOL_CONVERSION = YES;
				CLANG_WARN_COMMA = YES;
				CLANG_WARN_CONSTANT_CONVERSION = YES;
				CLANG_WARN_DEPRECATED_OBJC_IMPLEMENTATIONS = YES;
				CLANG_WARN_DIRECT_OBJC_ISA_USAGE = YES_ERROR;
				CLANG_WARN_DOCUMENTATION_COMMENTS = YES;
				CLANG_WARN_EMPTY_BODY = YES;
				CLANG_WARN_ENUM_CONVERSION = YES;
				CLANG_WARN_INFINITE_RECURSION = YES;
				CLANG_WARN_INT_CONVERSION = YES;
				CLANG_WARN_NON_LITERAL_NULL_CONVERSION = YES;
				CLANG_WARN_OBJC_IMPLICIT_RETAIN_SELF = YES;
				CLANG_WARN_OBJC_LITERAL_CONVERSION = YES;
				CLANG_WARN_OBJC_ROOT_CLASS = YES_ERROR;
				CLANG_WARN_RANGE_LOOP_ANALYSIS = YES;
				CLANG_WARN_STRICT_PROTOTYPES = YES;
				CLANG_WARN_SUSPICIOUS_MOVE = YES;
				CLANG_WARN_UNGUARDED_AVAILABILITY = YES_AGGRESSIVE;
				CLANG_WARN_UNREACHABLE_CODE = YES;
				CLANG_WARN__DUPLICATE_METHOD_MATCH = YES;
				CODE_SIGN_IDENTITY = "iPhone Developer";
				COPY_PHASE_STRIP = NO;
				DEBUG_INFORMATION_FORMAT = "dwarf-with-dsym";
				ENABLE_NS_ASSERTIONS = NO;
				ENABLE_STRICT_OBJC_MSGSEND = YES;
				GCC_C_LANGUAGE_STANDARD = gnu11;
				GCC_NO_COMMON_BLOCKS = YES;
				GCC_WARN_64_TO_32_BIT_CONVERSION = YES;
				GCC_WARN_ABOUT_RETURN_TYPE = YES_ERROR;
				GCC_WARN_UNDECLARED_SELECTOR = YES;
				GCC_WARN_UNINITIALIZED_AUTOS = YES_AGGRESSIVE;
				GCC_WARN_UNUSED_FUNCTION = YES;
				GCC_WARN_UNUSED_VARIABLE = YES;
				IPHONEOS_DEPLOYMENT_TARGET = 12.4;
				MTL_ENABLE_DEBUG_INFO = NO;
				MTL_FAST_MATH = YES;
				SDKROOT = iphoneos;
				SWIFT_COMPILATION_MODE = wholemodule;
				SWIFT_OPTIMIZATION_LEVEL = "-O";
				VALIDATE_PRODUCT = YES;
			};
			name = Release;
		};
		830E3FD823BB3A5100CCBE30 /* Debug */ = {
			isa = XCBuildConfiguration;
			buildSettings = {
				ASSETCATALOG_COMPILER_APPICON_NAME = AppIcon;
				CODE_SIGN_STYLE = Automatic;
				DEVELOPMENT_TEAM = D9X49T6R38;
				INFOPLIST_FILE = "Find My Age/Info.plist";
				LD_RUNPATH_SEARCH_PATHS = (
					"$(inherited)",
					"@executable_path/Frameworks",
				);
				PRODUCT_BUNDLE_IDENTIFIER = "com.katakalar.Find-My-Age";
				PRODUCT_NAME = "$(TARGET_NAME)";
				SWIFT_VERSION = 5.0;
				TARGETED_DEVICE_FAMILY = "1,2";
			};
			name = Debug;
		};
		830E3FD923BB3A5100CCBE30 /* Release */ = {
			isa = XCBuildConfiguration;
			buildSettings = {
				ASSETCATALOG_COMPILER_APPICON_NAME = AppIcon;
				CODE_SIGN_STYLE = Automatic;
				DEVELOPMENT_TEAM = D9X49T6R38;
				INFOPLIST_FILE = "Find My Age/Info.plist";
				LD_RUNPATH_SEARCH_PATHS = (
					"$(inherited)",
					"@executable_path/Frameworks",
				);
				PRODUCT_BUNDLE_IDENTIFIER = "com.katakalar.Find-My-Age";
				PRODUCT_NAME = "$(TARGET_NAME)";
				SWIFT_VERSION = 5.0;
				TARGETED_DEVICE_FAMILY = "1,2";
			};
			name = Release;
		};
		830E3FDB23BB3A5100CCBE30 /* Debug */ = {
			isa = XCBuildConfiguration;
			buildSettings = {
				ALWAYS_EMBED_SWIFT_STANDARD_LIBRARIES = YES;
				BUNDLE_LOADER = "$(TEST_HOST)";
				CODE_SIGN_STYLE = Automatic;
				DEVELOPMENT_TEAM = D9X49T6R38;
				INFOPLIST_FILE = "Find My AgeTests/Info.plist";
				LD_RUNPATH_SEARCH_PATHS = (
					"$(inherited)",
					"@executable_path/Frameworks",
					"@loader_path/Frameworks",
				);
				PRODUCT_BUNDLE_IDENTIFIER = "com.katakalar.Find-My-AgeTests";
				PRODUCT_NAME = "$(TARGET_NAME)";
				SWIFT_VERSION = 5.0;
				TARGETED_DEVICE_FAMILY = "1,2";
				TEST_HOST = "$(BUILT_PRODUCTS_DIR)/Find My Age.app/Find My Age";
			};
			name = Debug;
		};
		830E3FDC23BB3A5100CCBE30 /* Release */ = {
			isa = XCBuildConfiguration;
			buildSettings = {
				ALWAYS_EMBED_SWIFT_STANDARD_LIBRARIES = YES;
				BUNDLE_LOADER = "$(TEST_HOST)";
				CODE_SIGN_STYLE = Automatic;
				DEVELOPMENT_TEAM = D9X49T6R38;
				INFOPLIST_FILE = "Find My AgeTests/Info.plist";
				LD_RUNPATH_SEARCH_PATHS = (
					"$(inherited)",
					"@executable_path/Frameworks",
					"@loader_path/Frameworks",
				);
				PRODUCT_BUNDLE_IDENTIFIER = "com.katakalar.Find-My-AgeTests";
				PRODUCT_NAME = "$(TARGET_NAME)";
				SWIFT_VERSION = 5.0;
				TARGETED_DEVICE_FAMILY = "1,2";
				TEST_HOST = "$(BUILT_PRODUCTS_DIR)/Find My Age.app/Find My Age";
			};
			name = Release;
		};
		830E3FDE23BB3A5100CCBE30 /* Debug */ = {
			isa = XCBuildConfiguration;
			buildSettings = {
				ALWAYS_EMBED_SWIFT_STANDARD_LIBRARIES = YES;
				CODE_SIGN_STYLE = Automatic;
				DEVELOPMENT_TEAM = D9X49T6R38;
				INFOPLIST_FILE = "Find My AgeUITests/Info.plist";
				LD_RUNPATH_SEARCH_PATHS = (
					"$(inherited)",
					"@executable_path/Frameworks",
					"@loader_path/Frameworks",
				);
				PRODUCT_BUNDLE_IDENTIFIER = "com.katakalar.Find-My-AgeUITests";
				PRODUCT_NAME = "$(TARGET_NAME)";
				SWIFT_VERSION = 5.0;
				TARGETED_DEVICE_FAMILY = "1,2";
				TEST_TARGET_NAME = "Find My Age";
			};
			name = Debug;
		};
		830E3FDF23BB3A5100CCBE30 /* Release */ = {
			isa = XCBuildConfiguration;
			buildSettings = {
				ALWAYS_EMBED_SWIFT_STANDARD_LIBRARIES = YES;
				CODE_SIGN_STYLE = Automatic;
				DEVELOPMENT_TEAM = D9X49T6R38;
				INFOPLIST_FILE = "Find My AgeUITests/Info.plist";
				LD_RUNPATH_SEARCH_PATHS = (
					"$(inherited)",
					"@executable_path/Frameworks",
					"@loader_path/Frameworks",
				);
				PRODUCT_BUNDLE_IDENTIFIER = "com.katakalar.Find-My-AgeUITests";
				PRODUCT_NAME = "$(TARGET_NAME)";
				SWIFT_VERSION = 5.0;
				TARGETED_DEVICE_FAMILY = "1,2";
				TEST_TARGET_NAME = "Find My Age";
			};
			name = Release;
		};
/* End XCBuildConfiguration section */

/* Begin XCConfigurationList section */
		830E3FAA23BB3A5000CCBE30 /* Build configuration list for PBXProject "Find My Age" */ = {
			isa = XCConfigurationList;
			buildConfigurations = (
				830E3FD523BB3A5100CCBE30 /* Debug */,
				830E3FD623BB3A5100CCBE30 /* Release */,
			);
			defaultConfigurationIsVisible = 0;
			defaultConfigurationName = Release;
		};
		830E3FD723BB3A5100CCBE30 /* Build configuration list for PBXNativeTarget "Find My Age" */ = {
			isa = XCConfigurationList;
			buildConfigurations = (
				830E3FD823BB3A5100CCBE30 /* Debug */,
				830E3FD923BB3A5100CCBE30 /* Release */,
			);
			defaultConfigurationIsVisible = 0;
			defaultConfigurationName = Release;
		};
		830E3FDA23BB3A5100CCBE30 /* Build configuration list for PBXNativeTarget "Find My AgeTests" */ = {
			isa = XCConfigurationList;
			buildConfigurations = (
				830E3FDB23BB3A5100CCBE30 /* Debug */,
				830E3FDC23BB3A5100CCBE30 /* Release */,
			);
			defaultConfigurationIsVisible = 0;
			defaultConfigurationName = Release;
		};
		830E3FDD23BB3A5100CCBE30 /* Build configuration list for PBXNativeTarget "Find My AgeUITests" */ = {
			isa = XCConfigurationList;
			buildConfigurations = (
				830E3FDE23BB3A5100CCBE30 /* Debug */,
				830E3FDF23BB3A5100CCBE30 /* Release */,
			);
			defaultConfigurationIsVisible = 0;
			defaultConfigurationName = Release;
		};
/* End XCConfigurationList section */
	};
	rootObject = 830E3FA723BB3A5000CCBE30 /* Project object */;
}
